// !$*UTF8*$!
{
	archiveVersion = 1;
	classes = {
	};
	objectVersion = 46;
	objects = {

/* Begin PBXBuildFile section */
		C86ECBA0186FF4B4006BFDFA /* Foundation.framework in Frameworks */ = {isa = PBXBuildFile; fileRef = C86ECB9F186FF4B4006BFDFA /* Foundation.framework */; };
		C86ECBA2186FF4B4006BFDFA /* CoreGraphics.framework in Frameworks */ = {isa = PBXBuildFile; fileRef = C86ECBA1186FF4B4006BFDFA /* CoreGraphics.framework */; };
		C86ECBA4186FF4B4006BFDFA /* UIKit.framework in Frameworks */ = {isa = PBXBuildFile; fileRef = C86ECBA3186FF4B4006BFDFA /* UIKit.framework */; };
		C86ECBAA186FF4B4006BFDFA /* InfoPlist.strings in Resources */ = {isa = PBXBuildFile; fileRef = C86ECBA8186FF4B4006BFDFA /* InfoPlist.strings */; };
		C86ECBAC186FF4B4006BFDFA /* main.m in Sources */ = {isa = PBXBuildFile; fileRef = C86ECBAB186FF4B4006BFDFA /* main.m */; };
		C86ECBB0186FF4B4006BFDFA /* AppDelegate.m in Sources */ = {isa = PBXBuildFile; fileRef = C86ECBAF186FF4B4006BFDFA /* AppDelegate.m */; };
		C86ECBB3186FF4B4006BFDFA /* Main.storyboard in Resources */ = {isa = PBXBuildFile; fileRef = C86ECBB1186FF4B4006BFDFA /* Main.storyboard */; };
		C86ECBB6186FF4B4006BFDFA /* ViewController.m in Sources */ = {isa = PBXBuildFile; fileRef = C86ECBB5186FF4B4006BFDFA /* ViewController.m */; };
		C86ECBB8186FF4B4006BFDFA /* Images.xcassets in Resources */ = {isa = PBXBuildFile; fileRef = C86ECBB7186FF4B4006BFDFA /* Images.xcassets */; };
		C86ECBBF186FF4B4006BFDFA /* XCTest.framework in Frameworks */ = {isa = PBXBuildFile; fileRef = C86ECBBE186FF4B4006BFDFA /* XCTest.framework */; };
		C86ECBC0186FF4B4006BFDFA /* Foundation.framework in Frameworks */ = {isa = PBXBuildFile; fileRef = C86ECB9F186FF4B4006BFDFA /* Foundation.framework */; };
		C86ECBC1186FF4B4006BFDFA /* UIKit.framework in Frameworks */ = {isa = PBXBuildFile; fileRef = C86ECBA3186FF4B4006BFDFA /* UIKit.framework */; };
		C86ECBC9186FF4B4006BFDFA /* InfoPlist.strings in Resources */ = {isa = PBXBuildFile; fileRef = C86ECBC7186FF4B4006BFDFA /* InfoPlist.strings */; };
		C86ECBCB186FF4B4006BFDFA /* HelloWorldTests.m in Sources */ = {isa = PBXBuildFile; fileRef = C86ECBCA186FF4B4006BFDFA /* HelloWorldTests.m */; };
/* End PBXBuildFile section */

/* Begin PBXContainerItemProxy section */
		C86ECBC2186FF4B4006BFDFA /* PBXContainerItemProxy */ = {
			isa = PBXContainerItemProxy;
			containerPortal = C86ECB94186FF4B3006BFDFA /* Project object */;
			proxyType = 1;
			remoteGlobalIDString = C86ECB9B186FF4B4006BFDFA;
			remoteInfo = HelloWorld;
		};
/* End PBXContainerItemProxy section */

/* Begin PBXFileReference section */
		C86ECB9C186FF4B4006BFDFA /* HelloWorld.app */ = {isa = PBXFileReference; explicitFileType = wrapper.application; includeInIndex = 0; path = HelloWorld.app; sourceTree = BUILT_PRODUCTS_DIR; };
		C86ECB9F186FF4B4006BFDFA /* Foundation.framework */ = {isa = PBXFileReference; lastKnownFileType = wrapper.framework; name = Foundation.framework; path = System/Library/Frameworks/Foundation.framework; sourceTree = SDKROOT; };
		C86ECBA1186FF4B4006BFDFA /* CoreGraphics.framework */ = {isa = PBXFileReference; lastKnownFileType = wrapper.framework; name = CoreGraphics.framework; path = System/Library/Frameworks/CoreGraphics.framework; sourceTree = SDKROOT; };
		C86ECBA3186FF4B4006BFDFA /* UIKit.framework */ = {isa = PBXFileReference; lastKnownFileType = wrapper.framework; name = UIKit.framework; path = System/Library/Frameworks/UIKit.framework; sourceTree = SDKROOT; };
		C86ECBA7186FF4B4006BFDFA /* HelloWorld-Info.plist */ = {isa = PBXFileReference; lastKnownFileType = text.plist.xml; path = "HelloWorld-Info.plist"; sourceTree = "<group>"; };
		C86ECBA9186FF4B4006BFDFA /* en */ = {isa = PBXFileReference; lastKnownFileType = text.plist.strings; name = en; path = en.lproj/InfoPlist.strings; sourceTree = "<group>"; };
		C86ECBAB186FF4B4006BFDFA /* main.m */ = {isa = PBXFileReference; lastKnownFileType = sourcecode.c.objc; path = main.m; sourceTree = "<group>"; };
		C86ECBAD186FF4B4006BFDFA /* HelloWorld-Prefix.pch */ = {isa = PBXFileReference; lastKnownFileType = sourcecode.c.h; path = "HelloWorld-Prefix.pch"; sourceTree = "<group>"; };
		C86ECBAE186FF4B4006BFDFA /* AppDelegate.h */ = {isa = PBXFileReference; lastKnownFileType = sourcecode.c.h; path = AppDelegate.h; sourceTree = "<group>"; };
		C86ECBAF186FF4B4006BFDFA /* AppDelegate.m */ = {isa = PBXFileReference; lastKnownFileType = sourcecode.c.objc; path = AppDelegate.m; sourceTree = "<group>"; };
		C86ECBB2186FF4B4006BFDFA /* Base */ = {isa = PBXFileReference; lastKnownFileType = file.storyboard; name = Base; path = Base.lproj/Main.storyboard; sourceTree = "<group>"; };
		C86ECBB4186FF4B4006BFDFA /* ViewController.h */ = {isa = PBXFileReference; lastKnownFileType = sourcecode.c.h; path = ViewController.h; sourceTree = "<group>"; };
		C86ECBB5186FF4B4006BFDFA /* ViewController.m */ = {isa = PBXFileReference; lastKnownFileType = sourcecode.c.objc; path = ViewController.m; sourceTree = "<group>"; };
		C86ECBB7186FF4B4006BFDFA /* Images.xcassets */ = {isa = PBXFileReference; lastKnownFileType = folder.assetcatalog; path = Images.xcassets; sourceTree = "<group>"; };
		C86ECBBD186FF4B4006BFDFA /* HelloWorldTests.xctest */ = {isa = PBXFileReference; explicitFileType = wrapper.cfbundle; includeInIndex = 0; path = HelloWorldTests.xctest; sourceTree = BUILT_PRODUCTS_DIR; };
		C86ECBBE186FF4B4006BFDFA /* XCTest.framework */ = {isa = PBXFileReference; lastKnownFileType = wrapper.framework; name = XCTest.framework; path = Library/Frameworks/XCTest.framework; sourceTree = DEVELOPER_DIR; };
		C86ECBC6186FF4B4006BFDFA /* HelloWorldTests-Info.plist */ = {isa = PBXFileReference; lastKnownFileType = text.plist.xml; path = "HelloWorldTests-Info.plist"; sourceTree = "<group>"; };
		C86ECBC8186FF4B4006BFDFA /* en */ = {isa = PBXFileReference; lastKnownFileType = text.plist.strings; name = en; path = en.lproj/InfoPlist.strings; sourceTree = "<group>"; };
		C86ECBCA186FF4B4006BFDFA /* HelloWorldTests.m */ = {isa = PBXFileReference; lastKnownFileType = sourcecode.c.objc; path = HelloWorldTests.m; sourceTree = "<group>"; };
/* End PBXFileReference section */

/* Begin PBXFrameworksBuildPhase section */
		C86ECB99186FF4B4006BFDFA /* Frameworks */ = {
			isa = PBXFrameworksBuildPhase;
			buildActionMask = 2147483647;
			files = (
				C86ECBA2186FF4B4006BFDFA /* CoreGraphics.framework in Frameworks */,
				C86ECBA4186FF4B4006BFDFA /* UIKit.framework in Frameworks */,
				C86ECBA0186FF4B4006BFDFA /* Foundation.framework in Frameworks */,
			);
			runOnlyForDeploymentPostprocessing = 0;
		};
		C86ECBBA186FF4B4006BFDFA /* Frameworks */ = {
			isa = PBXFrameworksBuildPhase;
			buildActionMask = 2147483647;
			files = (
				C86ECBBF186FF4B4006BFDFA /* XCTest.framework in Frameworks */,
				C86ECBC1186FF4B4006BFDFA /* UIKit.framework in Frameworks */,
				C86ECBC0186FF4B4006BFDFA /* Foundation.framework in Frameworks */,
			);
			runOnlyForDeploymentPostprocessing = 0;
		};
/* End PBXFrameworksBuildPhase section */

/* Begin PBXGroup section */
		C86ECB93186FF4B3006BFDFA = {
			isa = PBXGroup;
			children = (
				C86ECBA5186FF4B4006BFDFA /* HelloWorld */,
				C86ECBC4186FF4B4006BFDFA /* HelloWorldTests */,
				C86ECB9E186FF4B4006BFDFA /* Frameworks */,
				C86ECB9D186FF4B4006BFDFA /* Products */,
			);
			sourceTree = "<group>";
		};
		C86ECB9D186FF4B4006BFDFA /* Products */ = {
			isa = PBXGroup;
			children = (
				C86ECB9C186FF4B4006BFDFA /* HelloWorld.app */,
				C86ECBBD186FF4B4006BFDFA /* HelloWorldTests.xctest */,
			);
			name = Products;
			sourceTree = "<group>";
		};
		C86ECB9E186FF4B4006BFDFA /* Frameworks */ = {
			isa = PBXGroup;
			children = (
				C86ECB9F186FF4B4006BFDFA /* Foundation.framework */,
				C86ECBA1186FF4B4006BFDFA /* CoreGraphics.framework */,
				C86ECBA3186FF4B4006BFDFA /* UIKit.framework */,
				C86ECBBE186FF4B4006BFDFA /* XCTest.framework */,
			);
			name = Frameworks;
			sourceTree = "<group>";
		};
		C86ECBA5186FF4B4006BFDFA /* HelloWorld */ = {
			isa = PBXGroup;
			children = (
				C86ECBAE186FF4B4006BFDFA /* AppDelegate.h */,
				C86ECBAF186FF4B4006BFDFA /* AppDelegate.m */,
				C86ECBB1186FF4B4006BFDFA /* Main.storyboard */,
				C86ECBB4186FF4B4006BFDFA /* ViewController.h */,
				C86ECBB5186FF4B4006BFDFA /* ViewController.m */,
				C86ECBB7186FF4B4006BFDFA /* Images.xcassets */,
				C86ECBA6186FF4B4006BFDFA /* Supporting Files */,
			);
			path = HelloWorld;
			sourceTree = "<group>";
		};
		C86ECBA6186FF4B4006BFDFA /* Supporting Files */ = {
			isa = PBXGroup;
			children = (
				C86ECBA7186FF4B4006BFDFA /* HelloWorld-Info.plist */,
				C86ECBA8186FF4B4006BFDFA /* InfoPlist.strings */,
				C86ECBAB186FF4B4006BFDFA /* main.m */,
				C86ECBAD186FF4B4006BFDFA /* HelloWorld-Prefix.pch */,
			);
			name = "Supporting Files";
			sourceTree = "<group>";
		};
		C86ECBC4186FF4B4006BFDFA /* HelloWorldTests */ = {
			isa = PBXGroup;
			children = (
				C86ECBCA186FF4B4006BFDFA /* HelloWorldTests.m */,
				C86ECBC5186FF4B4006BFDFA /* Supporting Files */,
			);
			path = HelloWorldTests;
			sourceTree = "<group>";
		};
		C86ECBC5186FF4B4006BFDFA /* Supporting Files */ = {
			isa = PBXGroup;
			children = (
				C86ECBC6186FF4B4006BFDFA /* HelloWorldTests-Info.plist */,
				C86ECBC7186FF4B4006BFDFA /* InfoPlist.strings */,
			);
			name = "Supporting Files";
			sourceTree = "<group>";
		};
/* End PBXGroup section */

/* Begin PBXNativeTarget section */
		C86ECB9B186FF4B4006BFDFA /* HelloWorld */ = {
			isa = PBXNativeTarget;
			buildConfigurationList = C86ECBCE186FF4B4006BFDFA /* Build configuration list for PBXNativeTarget "HelloWorld" */;
			buildPhases = (
				C86ECB98186FF4B4006BFDFA /* Sources */,
				C86ECB99186FF4B4006BFDFA /* Frameworks */,
				C86ECB9A186FF4B4006BFDFA /* Resources */,
			);
			buildRules = (
			);
			dependencies = (
			);
			name = HelloWorld;
			productName = HelloWorld;
			productReference = C86ECB9C186FF4B4006BFDFA /* HelloWorld.app */;
			productType = "com.apple.product-type.application";
		};
		C86ECBBC186FF4B4006BFDFA /* HelloWorldTests */ = {
			isa = PBXNativeTarget;
			buildConfigurationList = C86ECBD1186FF4B4006BFDFA /* Build configuration list for PBXNativeTarget "HelloWorldTests" */;
			buildPhases = (
				C86ECBB9186FF4B4006BFDFA /* Sources */,
				C86ECBBA186FF4B4006BFDFA /* Frameworks */,
				C86ECBBB186FF4B4006BFDFA /* Resources */,
			);
			buildRules = (
			);
			dependencies = (
				C86ECBC3186FF4B4006BFDFA /* PBXTargetDependency */,
			);
			name = HelloWorldTests;
			productName = HelloWorldTests;
			productReference = C86ECBBD186FF4B4006BFDFA /* HelloWorldTests.xctest */;
			productType = "com.apple.product-type.bundle.unit-test";
		};
/* End PBXNativeTarget section */

/* Begin PBXProject section */
		C86ECB94186FF4B3006BFDFA /* Project object */ = {
			isa = PBXProject;
			attributes = {
				LastUpgradeCheck = 0500;
				ORGANIZATIONNAME = "Shimoda Shinichiro";
				TargetAttributes = {
					C86ECBBC186FF4B4006BFDFA = {
						TestTargetID = C86ECB9B186FF4B4006BFDFA;
					};
				};
			};
			buildConfigurationList = C86ECB97186FF4B3006BFDFA /* Build configuration list for PBXProject "HelloWorld" */;
			compatibilityVersion = "Xcode 3.2";
			developmentRegion = English;
			hasScannedForEncodings = 0;
			knownRegions = (
				en,
				Base,
			);
			mainGroup = C86ECB93186FF4B3006BFDFA;
			productRefGroup = C86ECB9D186FF4B4006BFDFA /* Products */;
			projectDirPath = "";
			projectRoot = "";
			targets = (
				C86ECB9B186FF4B4006BFDFA /* HelloWorld */,
				C86ECBBC186FF4B4006BFDFA /* HelloWorldTests */,
			);
		};
/* End PBXProject section */

/* Begin PBXResourcesBuildPhase section */
		C86ECB9A186FF4B4006BFDFA /* Resources */ = {
			isa = PBXResourcesBuildPhase;
			buildActionMask = 2147483647;
			files = (
				C86ECBB8186FF4B4006BFDFA /* Images.xcassets in Resources */,
				C86ECBAA186FF4B4006BFDFA /* InfoPlist.strings in Resources */,
				C86ECBB3186FF4B4006BFDFA /* Main.storyboard in Resources */,
			);
			runOnlyForDeploymentPostprocessing = 0;
		};
		C86ECBBB186FF4B4006BFDFA /* Resources */ = {
			isa = PBXResourcesBuildPhase;
			buildActionMask = 2147483647;
			files = (
				C86ECBC9186FF4B4006BFDFA /* InfoPlist.strings in Resources */,
			);
			runOnlyForDeploymentPostprocessing = 0;
		};
/* End PBXResourcesBuildPhase section */

/* Begin PBXSourcesBuildPhase section */
		C86ECB98186FF4B4006BFDFA /* Sources */ = {
			isa = PBXSourcesBuildPhase;
			buildActionMask = 2147483647;
			files = (
				C86ECBB6186FF4B4006BFDFA /* ViewController.m in Sources */,
				C86ECBB0186FF4B4006BFDFA /* AppDelegate.m in Sources */,
				C86ECBAC186FF4B4006BFDFA /* main.m in Sources */,
			);
			runOnlyForDeploymentPostprocessing = 0;
		};
		C86ECBB9186FF4B4006BFDFA /* Sources */ = {
			isa = PBXSourcesBuildPhase;
			buildActionMask = 2147483647;
			files = (
				C86ECBCB186FF4B4006BFDFA /* HelloWorldTests.m in Sources */,
			);
			runOnlyForDeploymentPostprocessing = 0;
		};
/* End PBXSourcesBuildPhase section */

/* Begin PBXTargetDependency section */
		C86ECBC3186FF4B4006BFDFA /* PBXTargetDependency */ = {
			isa = PBXTargetDependency;
			target = C86ECB9B186FF4B4006BFDFA /* HelloWorld */;
			targetProxy = C86ECBC2186FF4B4006BFDFA /* PBXContainerItemProxy */;
		};
/* End PBXTargetDependency section */

/* Begin PBXVariantGroup section */
		C86ECBA8186FF4B4006BFDFA /* InfoPlist.strings */ = {
			isa = PBXVariantGroup;
			children = (
				C86ECBA9186FF4B4006BFDFA /* en */,
			);
			name = InfoPlist.strings;
			sourceTree = "<group>";
		};
		C86ECBB1186FF4B4006BFDFA /* Main.storyboard */ = {
			isa = PBXVariantGroup;
			children = (
				C86ECBB2186FF4B4006BFDFA /* Base */,
			);
			name = Main.storyboard;
			sourceTree = "<group>";
		};
		C86ECBC7186FF4B4006BFDFA /* InfoPlist.strings */ = {
			isa = PBXVariantGroup;
			children = (
				C86ECBC8186FF4B4006BFDFA /* en */,
			);
			name = InfoPlist.strings;
			sourceTree = "<group>";
		};
/* End PBXVariantGroup section */

/* Begin XCBuildConfiguration section */
		C86ECBCC186FF4B4006BFDFA /* Debug */ = {
			isa = XCBuildConfiguration;
			buildSettings = {
				ALWAYS_SEARCH_USER_PATHS = NO;
				ARCHS = "$(ARCHS_STANDARD_INCLUDING_64_BIT)";
				CLANG_CXX_LANGUAGE_STANDARD = "gnu++0x";
				CLANG_CXX_LIBRARY = "libc++";
				CLANG_ENABLE_MODULES = YES;
				CLANG_ENABLE_OBJC_ARC = YES;
				CLANG_WARN_BOOL_CONVERSION = YES;
				CLANG_WARN_CONSTANT_CONVERSION = YES;
				CLANG_WARN_DIRECT_OBJC_ISA_USAGE = YES_ERROR;
				CLANG_WARN_EMPTY_BODY = YES;
				CLANG_WARN_ENUM_CONVERSION = YES;
				CLANG_WARN_INT_CONVERSION = YES;
				CLANG_WARN_OBJC_ROOT_CLASS = YES_ERROR;
				CLANG_WARN__DUPLICATE_METHOD_MATCH = YES;
				"CODE_SIGN_IDENTITY[sdk=iphoneos*]" = "iPhone Developer";
				COPY_PHASE_STRIP = NO;
				GCC_C_LANGUAGE_STANDARD = gnu99;
				GCC_DYNAMIC_NO_PIC = NO;
				GCC_OPTIMIZATION_LEVEL = 0;
				GCC_PREPROCESSOR_DEFINITIONS = (
					"DEBUG=1",
					"$(inherited)",
				);
				GCC_SYMBOLS_PRIVATE_EXTERN = NO;
				GCC_WARN_64_TO_32_BIT_CONVERSION = YES;
				GCC_WARN_ABOUT_RETURN_TYPE = YES_ERROR;
				GCC_WARN_UNDECLARED_SELECTOR = YES;
				GCC_WARN_UNINITIALIZED_AUTOS = YES;
				GCC_WARN_UNUSED_FUNCTION = YES;
				GCC_WARN_UNUSED_VARIABLE = YES;
				IPHONEOS_DEPLOYMENT_TARGET = 7.0;
				ONLY_ACTIVE_ARCH = YES;
				SDKROOT = iphoneos;
			};
			name = Debug;
		};
		C86ECBCD186FF4B4006BFDFA /* Release */ = {
			isa = XCBuildConfiguration;
			buildSettings = {
				ALWAYS_SEARCH_USER_PATHS = NO;
				ARCHS = "$(ARCHS_STANDARD_INCLUDING_64_BIT)";
				CLANG_CXX_LANGUAGE_STANDARD = "gnu++0x";
				CLANG_CXX_LIBRARY = "libc++";
				CLANG_ENABLE_MODULES = YES;
				CLANG_ENABLE_OBJC_ARC = YES;
				CLANG_WARN_BOOL_CONVERSION = YES;
				CLANG_WARN_CONSTANT_CONVERSION = YES;
				CLANG_WARN_DIRECT_OBJC_ISA_USAGE = YES_ERROR;
				CLANG_WARN_EMPTY_BODY = YES;
				CLANG_WARN_ENUM_CONVERSION = YES;
				CLANG_WARN_INT_CONVERSION = YES;
				CLANG_WARN_OBJC_ROOT_CLASS = YES_ERROR;
				CLANG_WARN__DUPLICATE_METHOD_MATCH = YES;
				"CODE_SIGN_IDENTITY[sdk=iphoneos*]" = "iPhone Developer";
				COPY_PHASE_STRIP = YES;
				ENABLE_NS_ASSERTIONS = NO;
				GCC_C_LANGUAGE_STANDARD = gnu99;
				GCC_WARN_64_TO_32_BIT_CONVERSION = YES;
				GCC_WARN_ABOUT_RETURN_TYPE = YES_ERROR;
				GCC_WARN_UNDECLARED_SELECTOR = YES;
				GCC_WARN_UNINITIALIZED_AUTOS = YES;
				GCC_WARN_UNUSED_FUNCTION = YES;
				GCC_WARN_UNUSED_VARIABLE = YES;
				IPHONEOS_DEPLOYMENT_TARGET = 7.0;
				SDKROOT = iphoneos;
				VALIDATE_PRODUCT = YES;
			};
			name = Release;
		};
		C86ECBCF186FF4B4006BFDFA /* Debug */ = {
			isa = XCBuildConfiguration;
			buildSettings = {
				ASSETCATALOG_COMPILER_APPICON_NAME = AppIcon;
				ASSETCATALOG_COMPILER_LAUNCHIMAGE_NAME = LaunchImage;
				GCC_PRECOMPILE_PREFIX_HEADER = YES;
				GCC_PREFIX_HEADER = "HelloWorld/HelloWorld-Prefix.pch";
				INFOPLIST_FILE = "HelloWorld/HelloWorld-Info.plist";
				PRODUCT_NAME = "$(TARGET_NAME)";
				WRAPPER_EXTENSION = app;
			};
			name = Debug;
		};
		C86ECBD0186FF4B4006BFDFA /* Release */ = {
			isa = XCBuildConfiguration;
			buildSettings = {
				ASSETCATALOG_COMPILER_APPICON_NAME = AppIcon;
				ASSETCATALOG_COMPILER_LAUNCHIMAGE_NAME = LaunchImage;
				GCC_PRECOMPILE_PREFIX_HEADER = YES;
				GCC_PREFIX_HEADER = "HelloWorld/HelloWorld-Prefix.pch";
				INFOPLIST_FILE = "HelloWorld/HelloWorld-Info.plist";
				PRODUCT_NAME = "$(TARGET_NAME)";
				WRAPPER_EXTENSION = app;
			};
			name = Release;
		};
		C86ECBD2186FF4B4006BFDFA /* Debug */ = {
			isa = XCBuildConfiguration;
			buildSettings = {
				ARCHS = "$(ARCHS_STANDARD_INCLUDING_64_BIT)";
				BUNDLE_LOADER = "$(BUILT_PRODUCTS_DIR)/HelloWorld.app/HelloWorld";
				FRAMEWORK_SEARCH_PATHS = (
					"$(SDKROOT)/Developer/Library/Frameworks",
					"$(inherited)",
					"$(DEVELOPER_FRAMEWORKS_DIR)",
				);
				GCC_PRECOMPILE_PREFIX_HEADER = YES;
				GCC_PREFIX_HEADER = "HelloWorld/HelloWorld-Prefix.pch";
				GCC_PREPROCESSOR_DEFINITIONS = (
					"DEBUG=1",
					"$(inherited)",
				);
				INFOPLIST_FILE = "HelloWorldTests/HelloWorldTests-Info.plist";
				PRODUCT_NAME = "$(TARGET_NAME)";
				TEST_HOST = "$(BUNDLE_LOADER)";
				WRAPPER_EXTENSION = xctest;
			};
			name = Debug;
		};
		C86ECBD3186FF4B4006BFDFA /* Release */ = {
			isa = XCBuildConfiguration;
			buildSettings = {
				ARCHS = "$(ARCHS_STANDARD_INCLUDING_64_BIT)";
				BUNDLE_LOADER = "$(BUILT_PRODUCTS_DIR)/HelloWorld.app/HelloWorld";
				FRAMEWORK_SEARCH_PATHS = (
					"$(SDKROOT)/Developer/Library/Frameworks",
					"$(inherited)",
					"$(DEVELOPER_FRAMEWORKS_DIR)",
				);
				GCC_PRECOMPILE_PREFIX_HEADER = YES;
				GCC_PREFIX_HEADER = "HelloWorld/HelloWorld-Prefix.pch";
				INFOPLIST_FILE = "HelloWorldTests/HelloWorldTests-Info.plist";
				PRODUCT_NAME = "$(TARGET_NAME)";
				TEST_HOST = "$(BUNDLE_LOADER)";
				WRAPPER_EXTENSION = xctest;
			};
			name = Release;
		};
/* End XCBuildConfiguration section */

/* Begin XCConfigurationList section */
		C86ECB97186FF4B3006BFDFA /* Build configuration list for PBXProject "HelloWorld" */ = {
			isa = XCConfigurationList;
			buildConfigurations = (
				C86ECBCC186FF4B4006BFDFA /* Debug */,
				C86ECBCD186FF4B4006BFDFA /* Release */,
			);
			defaultConfigurationIsVisible = 0;
			defaultConfigurationName = Release;
		};
		C86ECBCE186FF4B4006BFDFA /* Build configuration list for PBXNativeTarget "HelloWorld" */ = {
			isa = XCConfigurationList;
			buildConfigurations = (
				C86ECBCF186FF4B4006BFDFA /* Debug */,
				C86ECBD0186FF4B4006BFDFA /* Release */,
			);
			defaultConfigurationIsVisible = 0;
		};
		C86ECBD1186FF4B4006BFDFA /* Build configuration list for PBXNativeTarget "HelloWorldTests" */ = {
			isa = XCConfigurationList;
			buildConfigurations = (
				C86ECBD2186FF4B4006BFDFA /* Debug */,
				C86ECBD3186FF4B4006BFDFA /* Release */,
			);
			defaultConfigurationIsVisible = 0;
		};
/* End XCConfigurationList section */
	};
	rootObject = C86ECB94186FF4B3006BFDFA /* Project object */;
}
